// !$*UTF8*$!
{
	archiveVersion = 1;
	classes = {
	};
	objectVersion = 46;
	objects = {

/* Begin PBXBuildFile section */
		43258E4E19EDD32700C34918 /* main.m in Sources */ = {isa = PBXBuildFile; fileRef = 43258E4D19EDD32700C34918 /* main.m */; };
		43258E5119EDD32700C34918 /* AppDelegate.m in Sources */ = {isa = PBXBuildFile; fileRef = 43258E5019EDD32700C34918 /* AppDelegate.m */; };
		43258E5419EDD32700C34918 /* ViewController.m in Sources */ = {isa = PBXBuildFile; fileRef = 43258E5319EDD32700C34918 /* ViewController.m */; };
		43258E5719EDD32700C34918 /* Main.storyboard in Resources */ = {isa = PBXBuildFile; fileRef = 43258E5519EDD32700C34918 /* Main.storyboard */; };
		43258E5919EDD32700C34918 /* Images.xcassets in Resources */ = {isa = PBXBuildFile; fileRef = 43258E5819EDD32700C34918 /* Images.xcassets */; };
		43258E5C19EDD32700C34918 /* LaunchScreen.xib in Resources */ = {isa = PBXBuildFile; fileRef = 43258E5A19EDD32700C34918 /* LaunchScreen.xib */; };
		43258E6819EDD32700C34918 /* HypnotiserTests.m in Sources */ = {isa = PBXBuildFile; fileRef = 43258E6719EDD32700C34918 /* HypnotiserTests.m */; };
/* End PBXBuildFile section */

/* Begin PBXContainerItemProxy section */
		43258E6219EDD32700C34918 /* PBXContainerItemProxy */ = {
			isa = PBXContainerItemProxy;
			containerPortal = 43258E4019EDD32700C34918 /* Project object */;
			proxyType = 1;
			remoteGlobalIDString = 43258E4719EDD32700C34918;
			remoteInfo = Hypnotiser;
		};
/* End PBXContainerItemProxy section */

/* Begin PBXFileReference section */
		43258E4819EDD32700C34918 /* Hypnotiser.app */ = {isa = PBXFileReference; explicitFileType = wrapper.application; includeInIndex = 0; path = Hypnotiser.app; sourceTree = BUILT_PRODUCTS_DIR; };
		43258E4C19EDD32700C34918 /* Info.plist */ = {isa = PBXFileReference; lastKnownFileType = text.plist.xml; path = Info.plist; sourceTree = "<group>"; };
		43258E4D19EDD32700C34918 /* main.m */ = {isa = PBXFileReference; lastKnownFileType = sourcecode.c.objc; path = main.m; sourceTree = "<group>"; };
		43258E4F19EDD32700C34918 /* AppDelegate.h */ = {isa = PBXFileReference; lastKnownFileType = sourcecode.c.h; path = AppDelegate.h; sourceTree = "<group>"; };
		43258E5019EDD32700C34918 /* AppDelegate.m */ = {isa = PBXFileReference; lastKnownFileType = sourcecode.c.objc; path = AppDelegate.m; sourceTree = "<group>"; };
		43258E5219EDD32700C34918 /* ViewController.h */ = {isa = PBXFileReference; lastKnownFileType = sourcecode.c.h; path = ViewController.h; sourceTree = "<group>"; };
		43258E5319EDD32700C34918 /* ViewController.m */ = {isa = PBXFileReference; lastKnownFileType = sourcecode.c.objc; path = ViewController.m; sourceTree = "<group>"; };
		43258E5619EDD32700C34918 /* Base */ = {isa = PBXFileReference; lastKnownFileType = file.storyboard; name = Base; path = Base.lproj/Main.storyboard; sourceTree = "<group>"; };
		43258E5819EDD32700C34918 /* Images.xcassets */ = {isa = PBXFileReference; lastKnownFileType = folder.assetcatalog; path = Images.xcassets; sourceTree = "<group>"; };
		43258E5B19EDD32700C34918 /* Base */ = {isa = PBXFileReference; lastKnownFileType = file.xib; name = Base; path = Base.lproj/LaunchScreen.xib; sourceTree = "<group>"; };
		43258E6119EDD32700C34918 /* HypnotiserTests.xctest */ = {isa = PBXFileReference; explicitFileType = wrapper.cfbundle; includeInIndex = 0; path = HypnotiserTests.xctest; sourceTree = BUILT_PRODUCTS_DIR; };
		43258E6619EDD32700C34918 /* Info.plist */ = {isa = PBXFileReference; lastKnownFileType = text.plist.xml; path = Info.plist; sourceTree = "<group>"; };
		43258E6719EDD32700C34918 /* HypnotiserTests.m */ = {isa = PBXFileReference; lastKnownFileType = sourcecode.c.objc; path = HypnotiserTests.m; sourceTree = "<group>"; };
/* End PBXFileReference section */

/* Begin PBXFrameworksBuildPhase section */
		43258E4519EDD32700C34918 /* Frameworks */ = {
			isa = PBXFrameworksBuildPhase;
			buildActionMask = 2147483647;
			files = (
			);
			runOnlyForDeploymentPostprocessing = 0;
		};
		43258E5E19EDD32700C34918 /* Frameworks */ = {
			isa = PBXFrameworksBuildPhase;
			buildActionMask = 2147483647;
			files = (
			);
			runOnlyForDeploymentPostprocessing = 0;
		};
/* End PBXFrameworksBuildPhase section */

/* Begin PBXGroup section */
		43258E3F19EDD32700C34918 = {
			isa = PBXGroup;
			children = (
				43258E4A19EDD32700C34918 /* Hypnotiser */,
				43258E6419EDD32700C34918 /* HypnotiserTests */,
				43258E4919EDD32700C34918 /* Products */,
			);
			sourceTree = "<group>";
		};
		43258E4919EDD32700C34918 /* Products */ = {
			isa = PBXGroup;
			children = (
				43258E4819EDD32700C34918 /* Hypnotiser.app */,
				43258E6119EDD32700C34918 /* HypnotiserTests.xctest */,
			);
			name = Products;
			sourceTree = "<group>";
		};
		43258E4A19EDD32700C34918 /* Hypnotiser */ = {
			isa = PBXGroup;
			children = (
				43258E4F19EDD32700C34918 /* AppDelegate.h */,
				43258E5019EDD32700C34918 /* AppDelegate.m */,
				43258E5219EDD32700C34918 /* ViewController.h */,
				43258E5319EDD32700C34918 /* ViewController.m */,
				43258E5519EDD32700C34918 /* Main.storyboard */,
				43258E5819EDD32700C34918 /* Images.xcassets */,
				43258E5A19EDD32700C34918 /* LaunchScreen.xib */,
				43258E4B19EDD32700C34918 /* Supporting Files */,
			);
			path = Hypnotiser;
			sourceTree = "<group>";
		};
		43258E4B19EDD32700C34918 /* Supporting Files */ = {
			isa = PBXGroup;
			children = (
				43258E4C19EDD32700C34918 /* Info.plist */,
				43258E4D19EDD32700C34918 /* main.m */,
			);
			name = "Supporting Files";
			sourceTree = "<group>";
		};
		43258E6419EDD32700C34918 /* HypnotiserTests */ = {
			isa = PBXGroup;
			children = (
				43258E6719EDD32700C34918 /* HypnotiserTests.m */,
				43258E6519EDD32700C34918 /* Supporting Files */,
			);
			path = HypnotiserTests;
			sourceTree = "<group>";
		};
		43258E6519EDD32700C34918 /* Supporting Files */ = {
			isa = PBXGroup;
			children = (
				43258E6619EDD32700C34918 /* Info.plist */,
			);
			name = "Supporting Files";
			sourceTree = "<group>";
		};
/* End PBXGroup section */

/* Begin PBXNativeTarget section */
		43258E4719EDD32700C34918 /* Hypnotiser */ = {
			isa = PBXNativeTarget;
			buildConfigurationList = 43258E6B19EDD32700C34918 /* Build configuration list for PBXNativeTarget "Hypnotiser" */;
			buildPhases = (
				43258E4419EDD32700C34918 /* Sources */,
				43258E4519EDD32700C34918 /* Frameworks */,
				43258E4619EDD32700C34918 /* Resources */,
			);
			buildRules = (
			);
			dependencies = (
			);
			name = Hypnotiser;
			productName = Hypnotiser;
			productReference = 43258E4819EDD32700C34918 /* Hypnotiser.app */;
			productType = "com.apple.product-type.application";
		};
		43258E6019EDD32700C34918 /* HypnotiserTests */ = {
			isa = PBXNativeTarget;
			buildConfigurationList = 43258E6E19EDD32700C34918 /* Build configuration list for PBXNativeTarget "HypnotiserTests" */;
			buildPhases = (
				43258E5D19EDD32700C34918 /* Sources */,
				43258E5E19EDD32700C34918 /* Frameworks */,
				43258E5F19EDD32700C34918 /* Resources */,
			);
			buildRules = (
			);
			dependencies = (
				43258E6319EDD32700C34918 /* PBXTargetDependency */,
			);
			name = HypnotiserTests;
			productName = HypnotiserTests;
			productReference = 43258E6119EDD32700C34918 /* HypnotiserTests.xctest */;
			productType = "com.apple.product-type.bundle.unit-test";
		};
/* End PBXNativeTarget section */

/* Begin PBXProject section */
		43258E4019EDD32700C34918 /* Project object */ = {
			isa = PBXProject;
			attributes = {
				LastUpgradeCheck = 0600;
				ORGANIZATIONNAME = "Black Rail Capital";
				TargetAttributes = {
					43258E4719EDD32700C34918 = {
						CreatedOnToolsVersion = 6.0.1;
					};
					43258E6019EDD32700C34918 = {
						CreatedOnToolsVersion = 6.0.1;
						TestTargetID = 43258E4719EDD32700C34918;
					};
				};
			};
			buildConfigurationList = 43258E4319EDD32700C34918 /* Build configuration list for PBXProject "Hypnotiser" */;
			compatibilityVersion = "Xcode 3.2";
			developmentRegion = English;
			hasScannedForEncodings = 0;
			knownRegions = (
				en,
				Base,
			);
			mainGroup = 43258E3F19EDD32700C34918;
			productRefGroup = 43258E4919EDD32700C34918 /* Products */;
			projectDirPath = "";
			projectRoot = "";
			targets = (
				43258E4719EDD32700C34918 /* Hypnotiser */,
				43258E6019EDD32700C34918 /* HypnotiserTests */,
			);
		};
/* End PBXProject section */

/* Begin PBXResourcesBuildPhase section */
		43258E4619EDD32700C34918 /* Resources */ = {
			isa = PBXResourcesBuildPhase;
			buildActionMask = 2147483647;
			files = (
				43258E5719EDD32700C34918 /* Main.storyboard in Resources */,
				43258E5C19EDD32700C34918 /* LaunchScreen.xib in Resources */,
				43258E5919EDD32700C34918 /* Images.xcassets in Resources */,
			);
			runOnlyForDeploymentPostprocessing = 0;
		};
		43258E5F19EDD32700C34918 /* Resources */ = {
			isa = PBXResourcesBuildPhase;
			buildActionMask = 2147483647;
			files = (
			);
			runOnlyForDeploymentPostprocessing = 0;
		};
/* End PBXResourcesBuildPhase section */

/* Begin PBXSourcesBuildPhase section */
		43258E4419EDD32700C34918 /* Sources */ = {
			isa = PBXSourcesBuildPhase;
			buildActionMask = 2147483647;
			files = (
				43258E5419EDD32700C34918 /* ViewController.m in Sources */,
				43258E5119EDD32700C34918 /* AppDelegate.m in Sources */,
				43258E4E19EDD32700C34918 /* main.m in Sources */,
			);
			runOnlyForDeploymentPostprocessing = 0;
		};
		43258E5D19EDD32700C34918 /* Sources */ = {
			isa = PBXSourcesBuildPhase;
			buildActionMask = 2147483647;
			files = (
				43258E6819EDD32700C34918 /* HypnotiserTests.m in Sources */,
			);
			runOnlyForDeploymentPostprocessing = 0;
		};
/* End PBXSourcesBuildPhase section */

/* Begin PBXTargetDependency section */
		43258E6319EDD32700C34918 /* PBXTargetDependency */ = {
			isa = PBXTargetDependency;
			target = 43258E4719EDD32700C34918 /* Hypnotiser */;
			targetProxy = 43258E6219EDD32700C34918 /* PBXContainerItemProxy */;
		};
/* End PBXTargetDependency section */

/* Begin PBXVariantGroup section */
		43258E5519EDD32700C34918 /* Main.storyboard */ = {
			isa = PBXVariantGroup;
			children = (
				43258E5619EDD32700C34918 /* Base */,
			);
			name = Main.storyboard;
			sourceTree = "<group>";
		};
		43258E5A19EDD32700C34918 /* LaunchScreen.xib */ = {
			isa = PBXVariantGroup;
			children = (
				43258E5B19EDD32700C34918 /* Base */,
			);
			name = LaunchScreen.xib;
			sourceTree = "<group>";
		};
/* End PBXVariantGroup section */

/* Begin XCBuildConfiguration section */
		43258E6919EDD32700C34918 /* Debug */ = {
			isa = XCBuildConfiguration;
			buildSettings = {
				ALWAYS_SEARCH_USER_PATHS = NO;
				CLANG_CXX_LANGUAGE_STANDARD = "gnu++0x";
				CLANG_CXX_LIBRARY = "libc++";
				CLANG_ENABLE_MODULES = YES;
				CLANG_ENABLE_OBJC_ARC = YES;
				CLANG_WARN_BOOL_CONVERSION = YES;
				CLANG_WARN_CONSTANT_CONVERSION = YES;
				CLANG_WARN_DIRECT_OBJC_ISA_USAGE = YES_ERROR;
				CLANG_WARN_EMPTY_BODY = YES;
				CLANG_WARN_ENUM_CONVERSION = YES;
				CLANG_WARN_INT_CONVERSION = YES;
				CLANG_WARN_OBJC_ROOT_CLASS = YES_ERROR;
				CLANG_WARN_UNREACHABLE_CODE = YES;
				CLANG_WARN__DUPLICATE_METHOD_MATCH = YES;
				"CODE_SIGN_IDENTITY[sdk=iphoneos*]" = "iPhone Developer";
				COPY_PHASE_STRIP = NO;
				ENABLE_STRICT_OBJC_MSGSEND = YES;
				GCC_C_LANGUAGE_STANDARD = gnu99;
				GCC_DYNAMIC_NO_PIC = NO;
				GCC_OPTIMIZATION_LEVEL = 0;
				GCC_PREPROCESSOR_DEFINITIONS = (
					"DEBUG=1",
					"$(inherited)",
				);
				GCC_SYMBOLS_PRIVATE_EXTERN = NO;
				GCC_WARN_64_TO_32_BIT_CONVERSION = YES;
				GCC_WARN_ABOUT_RETURN_TYPE = YES_ERROR;
				GCC_WARN_UNDECLARED_SELECTOR = YES;
				GCC_WARN_UNINITIALIZED_AUTOS = YES_AGGRESSIVE;
				GCC_WARN_UNUSED_FUNCTION = YES;
				GCC_WARN_UNUSED_VARIABLE = YES;
				IPHONEOS_DEPLOYMENT_TARGET = 8.0;
				MTL_ENABLE_DEBUG_INFO = YES;
				ONLY_ACTIVE_ARCH = YES;
				SDKROOT = iphoneos;
			};
			name = Debug;
		};
		43258E6A19EDD32700C34918 /* Release */ = {
			isa = XCBuildConfiguration;
			buildSettings = {
				ALWAYS_SEARCH_USER_PATHS = NO;
				CLANG_CXX_LANGUAGE_STANDARD = "gnu++0x";
				CLANG_CXX_LIBRARY = "libc++";
				CLANG_ENABLE_MODULES = YES;
				CLANG_ENABLE_OBJC_ARC = YES;
				CLANG_WARN_BOOL_CONVERSION = YES;
				CLANG_WARN_CONSTANT_CONVERSION = YES;
				CLANG_WARN_DIRECT_OBJC_ISA_USAGE = YES_ERROR;
				CLANG_WARN_EMPTY_BODY = YES;
				CLANG_WARN_ENUM_CONVERSION = YES;
				CLANG_WARN_INT_CONVERSION = YES;
				CLANG_WARN_OBJC_ROOT_CLASS = YES_ERROR;
				CLANG_WARN_UNREACHABLE_CODE = YES;
				CLANG_WARN__DUPLICATE_METHOD_MATCH = YES;
				"CODE_SIGN_IDENTITY[sdk=iphoneos*]" = "iPhone Developer";
				COPY_PHASE_STRIP = YES;
				ENABLE_NS_ASSERTIONS = NO;
				ENABLE_STRICT_OBJC_MSGSEND = YES;
				GCC_C_LANGUAGE_STANDARD = gnu99;
				GCC_WARN_64_TO_32_BIT_CONVERSION = YES;
				GCC_WARN_ABOUT_RETURN_TYPE = YES_ERROR;
				GCC_WARN_UNDECLARED_SELECTOR = YES;
				GCC_WARN_UNINITIALIZED_AUTOS = YES_AGGRESSIVE;
				GCC_WARN_UNUSED_FUNCTION = YES;
				GCC_WARN_UNUSED_VARIABLE = YES;
				IPHONEOS_DEPLOYMENT_TARGET = 8.0;
				MTL_ENABLE_DEBUG_INFO = NO;
				SDKROOT = iphoneos;
				VALIDATE_PRODUCT = YES;
			};
			name = Release;
		};
		43258E6C19EDD32700C34918 /* Debug */ = {
			isa = XCBuildConfiguration;
			buildSettings = {
				ASSETCATALOG_COMPILER_APPICON_NAME = AppIcon;
				INFOPLIST_FILE = Hypnotiser/Info.plist;
				LD_RUNPATH_SEARCH_PATHS = "$(inherited) @executable_path/Frameworks";
				PRODUCT_NAME = "$(TARGET_NAME)";
			};
			name = Debug;
		};
		43258E6D19EDD32700C34918 /* Release */ = {
			isa = XCBuildConfiguration;
			buildSettings = {
				ASSETCATALOG_COMPILER_APPICON_NAME = AppIcon;
				INFOPLIST_FILE = Hypnotiser/Info.plist;
				LD_RUNPATH_SEARCH_PATHS = "$(inherited) @executable_path/Frameworks";
				PRODUCT_NAME = "$(TARGET_NAME)";
			};
			name = Release;
		};
		43258E6F19EDD32700C34918 /* Debug */ = {
			isa = XCBuildConfiguration;
			buildSettings = {
				BUNDLE_LOADER = "$(TEST_HOST)";
				FRAMEWORK_SEARCH_PATHS = (
					"$(SDKROOT)/Developer/Library/Frameworks",
					"$(inherited)",
				);
				GCC_PREPROCESSOR_DEFINITIONS = (
					"DEBUG=1",
					"$(inherited)",
				);
				INFOPLIST_FILE = HypnotiserTests/Info.plist;
				LD_RUNPATH_SEARCH_PATHS = "$(inherited) @executable_path/Frameworks @loader_path/Frameworks";
				PRODUCT_NAME = "$(TARGET_NAME)";
				TEST_HOST = "$(BUILT_PRODUCTS_DIR)/Hypnotiser.app/Hypnotiser";
			};
			name = Debug;
		};
		43258E7019EDD32700C34918 /* Release */ = {
			isa = XCBuildConfiguration;
			buildSettings = {
				BUNDLE_LOADER = "$(TEST_HOST)";
				FRAMEWORK_SEARCH_PATHS = (
					"$(SDKROOT)/Developer/Library/Frameworks",
					"$(inherited)",
				);
				INFOPLIST_FILE = HypnotiserTests/Info.plist;
				LD_RUNPATH_SEARCH_PATHS = "$(inherited) @executable_path/Frameworks @loader_path/Frameworks";
				PRODUCT_NAME = "$(TARGET_NAME)";
				TEST_HOST = "$(BUILT_PRODUCTS_DIR)/Hypnotiser.app/Hypnotiser";
			};
			name = Release;
		};
/* End XCBuildConfiguration section */

/* Begin XCConfigurationList section */
		43258E4319EDD32700C34918 /* Build configuration list for PBXProject "Hypnotiser" */ = {
			isa = XCConfigurationList;
			buildConfigurations = (
				43258E6919EDD32700C34918 /* Debug */,
				43258E6A19EDD32700C34918 /* Release */,
			);
			defaultConfigurationIsVisible = 0;
			defaultConfigurationName = Release;
		};
		43258E6B19EDD32700C34918 /* Build configuration list for PBXNativeTarget "Hypnotiser" */ = {
			isa = XCConfigurationList;
			buildConfigurations = (
				43258E6C19EDD32700C34918 /* Debug */,
				43258E6D19EDD32700C34918 /* Release */,
			);
			defaultConfigurationIsVisible = 0;
		};
		43258E6E19EDD32700C34918 /* Build configuration list for PBXNativeTarget "HypnotiserTests" */ = {
			isa = XCConfigurationList;
			buildConfigurations = (
				43258E6F19EDD32700C34918 /* Debug */,
				43258E7019EDD32700C34918 /* Release */,
			);
			defaultConfigurationIsVisible = 0;
		};
/* End XCConfigurationList section */
	};
	rootObject = 43258E4019EDD32700C34918 /* Project object */;
}
